
Microsoft Visual Studio Solution File, Format Version 12.00
# Visual Studio Version 17
VisualStudioVersion = 17.13.35919.96 d17.13
MinimumVisualStudioVersion = 10.0.40219.1
Project("{FAE04EC0-301F-11D3-BF4B-00C04F79EFBC}") = "HelloWorld", "HelloWorld\HelloWorld.csproj", "{771A4A53-EAFA-4FA0-84FC-94946DE45402}"
EndProject
Global
	GlobalSection(SolutionConfigurationPlatforms) = preSolution
		Debug|Any CPU = Debug|Any CPU
		Release|Any CPU = Release|Any CPU
	EndGlobalSection
	GlobalSection(ProjectConfigurationPlatforms) = postSolution
		{771A4A53-EAFA-4FA0-84FC-94946DE45402}.Debug|Any CPU.ActiveCfg = Debug|Any CPU
		{771A4A53-EAFA-4FA0-84FC-94946DE45402}.Debug|Any CPU.Build.0 = Debug|Any CPU
		{771A4A53-EAFA-4FA0-84FC-94946DE45402}.Release|Any CPU.ActiveCfg = Release|Any CPU
		{771A4A53-EAFA-4FA0-84FC-94946DE45402}.Release|Any CPU.Build.0 = Release|Any CPU
	EndGlobalSection
	GlobalSection(SolutionProperties) = preSolution
		HideSolutionNode = FALSE
	EndGlobalSection
	GlobalSection(ExtensibilityGlobals) = postSolution
		SolutionGuid = {094EFC2A-F3DC-4E2C-AE81-1CB63A0B142E}
	EndGlobalSection
EndGlobal
